
Microsoft Visual Studio Solution File, Format Version 12.00
# Visual Studio Version 17
VisualStudioVersion = 17.9.34616.47
MinimumVisualStudioVersion = 10.0.40219.1
Project("{FAE04EC0-301F-11D3-BF4B-00C04F79EFBC}") = "Proiect_TPL", "Proiect_TPL\Proiect_TPL.csproj", "{56ABD1AC-2727-48BC-9E6E-44A81E99A691}"
EndProject
Project("{FAE04EC0-301F-11D3-BF4B-00C04F79EFBC}") = "Librarie_Modele", "Librarie_Modele\Librarie_Modele.csproj", "{2D941FC1-9BE9-4EE9-95B2-5814BF965D9B}"
EndProject
Project("{FAE04EC0-301F-11D3-BF4B-00C04F79EFBC}") = "NivellStocareDate", "NivellStocareDate\NivellStocareDate.csproj", "{B9407E7F-E839-4F7A-91C7-02C2264C9118}"
EndProject
Global
	GlobalSection(SolutionConfigurationPlatforms) = preSolution
		Debug|Any CPU = Debug|Any CPU
		Release|Any CPU = Release|Any CPU
	EndGlobalSection
	GlobalSection(ProjectConfigurationPlatforms) = postSolution
		{56ABD1AC-2727-48BC-9E6E-44A81E99A691}.Debug|Any CPU.ActiveCfg = Debug|Any CPU
		{56ABD1AC-2727-48BC-9E6E-44A81E99A691}.Debug|Any CPU.Build.0 = Debug|Any CPU
		{56ABD1AC-2727-48BC-9E6E-44A81E99A691}.Release|Any CPU.ActiveCfg = Release|Any CPU
		{56ABD1AC-2727-48BC-9E6E-44A81E99A691}.Release|Any CPU.Build.0 = Release|Any CPU
		{2D941FC1-9BE9-4EE9-95B2-5814BF965D9B}.Debug|Any CPU.ActiveCfg = Debug|Any CPU
		{2D941FC1-9BE9-4EE9-95B2-5814BF965D9B}.Debug|Any CPU.Build.0 = Debug|Any CPU
		{2D941FC1-9BE9-4EE9-95B2-5814BF965D9B}.Release|Any CPU.ActiveCfg = Release|Any CPU
		{2D941FC1-9BE9-4EE9-95B2-5814BF965D9B}.Release|Any CPU.Build.0 = Release|Any CPU
		{B9407E7F-E839-4F7A-91C7-02C2264C9118}.Debug|Any CPU.ActiveCfg = Debug|Any CPU
		{B9407E7F-E839-4F7A-91C7-02C2264C9118}.Debug|Any CPU.Build.0 = Debug|Any CPU
		{B9407E7F-E839-4F7A-91C7-02C2264C9118}.Release|Any CPU.ActiveCfg = Release|Any CPU
		{B9407E7F-E839-4F7A-91C7-02C2264C9118}.Release|Any CPU.Build.0 = Release|Any CPU
	EndGlobalSection
	GlobalSection(SolutionProperties) = preSolution
		HideSolutionNode = FALSE
	EndGlobalSection
	GlobalSection(ExtensibilityGlobals) = postSolution
		SolutionGuid = {0E6544B9-20C6-4ABD-BC31-60777DD849D9}
	EndGlobalSection
EndGlobal
